
Microsoft Visual Studio Solution File, Format Version 12.00
# Visual Studio Version 17
VisualStudioVersion = 17.13.35931.197
MinimumVisualStudioVersion = 10.0.40219.1
Project("{FAE04EC0-301F-11D3-BF4B-00C04F79EFBC}") = "MandiPOS", "MandiPOS\MandiPOS.csproj", "{03F5C867-115D-460C-B94B-EA22FC1285D0}"
EndProject
Project("{FAE04EC0-301F-11D3-BF4B-00C04F79EFBC}") = "MandiPOS Closing", "MandiPOS Closing\MandiPOS Closing.csproj", "{20163BD0-964F-42F9-9EB4-575C64AC0EFC}"
EndProject
Global
	GlobalSection(SolutionConfigurationPlatforms) = preSolution
		Debug|Any CPU = Debug|Any CPU
		Release|Any CPU = Release|Any CPU
	EndGlobalSection
	GlobalSection(ProjectConfigurationPlatforms) = postSolution
		{03F5C867-115D-460C-B94B-EA22FC1285D0}.Debug|Any CPU.ActiveCfg = Debug|Any CPU
		{03F5C867-115D-460C-B94B-EA22FC1285D0}.Debug|Any CPU.Build.0 = Debug|Any CPU
		{03F5C867-115D-460C-B94B-EA22FC1285D0}.Release|Any CPU.ActiveCfg = Release|Any CPU
		{03F5C867-115D-460C-B94B-EA22FC1285D0}.Release|Any CPU.Build.0 = Release|Any CPU
		{20163BD0-964F-42F9-9EB4-575C64AC0EFC}.Debug|Any CPU.ActiveCfg = Debug|Any CPU
		{20163BD0-964F-42F9-9EB4-575C64AC0EFC}.Debug|Any CPU.Build.0 = Debug|Any CPU
		{20163BD0-964F-42F9-9EB4-575C64AC0EFC}.Release|Any CPU.ActiveCfg = Release|Any CPU
		{20163BD0-964F-42F9-9EB4-575C64AC0EFC}.Release|Any CPU.Build.0 = Release|Any CPU
	EndGlobalSection
	GlobalSection(SolutionProperties) = preSolution
		HideSolutionNode = FALSE
	EndGlobalSection
	GlobalSection(ExtensibilityGlobals) = postSolution
		SolutionGuid = {94FF4FA9-14F7-476C-B678-A4DDA8D961A5}
	EndGlobalSection
EndGlobal
